
Microsoft Visual Studio Solution File, Format Version 12.00
# Visual Studio Version 17
VisualStudioVersion = 17.9.34902.65
MinimumVisualStudioVersion = 10.0.40219.1
Project("{FAE04EC0-301F-11D3-BF4B-00C04F79EFBC}") = "Lab1", "Lab1\Lab1.csproj", "{C99F66B9-89C7-4672-9777-A722C46CE398}"
EndProject
Global
	GlobalSection(SolutionConfigurationPlatforms) = preSolution
		Debug|Any CPU = Debug|Any CPU
		Release|Any CPU = Release|Any CPU
	EndGlobalSection
	GlobalSection(ProjectConfigurationPlatforms) = postSolution
		{C99F66B9-89C7-4672-9777-A722C46CE398}.Debug|Any CPU.ActiveCfg = Debug|Any CPU
		{C99F66B9-89C7-4672-9777-A722C46CE398}.Debug|Any CPU.Build.0 = Debug|Any CPU
		{C99F66B9-89C7-4672-9777-A722C46CE398}.Release|Any CPU.ActiveCfg = Release|Any CPU
		{C99F66B9-89C7-4672-9777-A722C46CE398}.Release|Any CPU.Build.0 = Release|Any CPU
	EndGlobalSection
	GlobalSection(SolutionProperties) = preSolution
		HideSolutionNode = FALSE
	EndGlobalSection
	GlobalSection(ExtensibilityGlobals) = postSolution
		SolutionGuid = {7A56E3B2-8C78-4832-935D-7520B30F45D0}
	EndGlobalSection
EndGlobal
